
Microsoft Visual Studio Solution File, Format Version 12.00
# Visual Studio Version 17
VisualStudioVersion = 17.1.32228.430
MinimumVisualStudioVersion = 10.0.40219.1
Project("{FAE04EC0-301F-11D3-BF4B-00C04F79EFBC}") = "CSharpFundas", "CSharpFundas\CSharpFundas.csproj", "{4CA195FB-9A4D-4C6F-9488-F1AE87598D26}"
EndProject
Global
	GlobalSection(SolutionConfigurationPlatforms) = preSolution
		Debug|Any CPU = Debug|Any CPU
		Release|Any CPU = Release|Any CPU
	EndGlobalSection
	GlobalSection(ProjectConfigurationPlatforms) = postSolution
		{4CA195FB-9A4D-4C6F-9488-F1AE87598D26}.Debug|Any CPU.ActiveCfg = Debug|Any CPU
		{4CA195FB-9A4D-4C6F-9488-F1AE87598D26}.Debug|Any CPU.Build.0 = Debug|Any CPU
		{4CA195FB-9A4D-4C6F-9488-F1AE87598D26}.Release|Any CPU.ActiveCfg = Release|Any CPU
		{4CA195FB-9A4D-4C6F-9488-F1AE87598D26}.Release|Any CPU.Build.0 = Release|Any CPU
	EndGlobalSection
	GlobalSection(SolutionProperties) = preSolution
		HideSolutionNode = FALSE
	EndGlobalSection
	GlobalSection(ExtensibilityGlobals) = postSolution
		SolutionGuid = {74ECF28D-6165-4AB3-9E1D-FEA618F89615}
	EndGlobalSection
EndGlobal
